
Microsoft Visual Studio Solution File, Format Version 12.00
# Visual Studio Version 16
VisualStudioVersion = 16.0.810.20
MinimumVisualStudioVersion = 10.0.40219.1
Project("{FAE04EC0-301F-11D3-BF4B-00C04F79EFBC}") = "Mission12", "Mission12\Mission12.csproj", "{B350FC34-EA7F-4239-A6E1-3E5378C6D813}"
EndProject
Global
	GlobalSection(SolutionConfigurationPlatforms) = preSolution
		Debug|Any CPU = Debug|Any CPU
		Release|Any CPU = Release|Any CPU
	EndGlobalSection
	GlobalSection(ProjectConfigurationPlatforms) = postSolution
		{B350FC34-EA7F-4239-A6E1-3E5378C6D813}.Debug|Any CPU.ActiveCfg = Debug|Any CPU
		{B350FC34-EA7F-4239-A6E1-3E5378C6D813}.Debug|Any CPU.Build.0 = Debug|Any CPU
		{B350FC34-EA7F-4239-A6E1-3E5378C6D813}.Release|Any CPU.ActiveCfg = Release|Any CPU
		{B350FC34-EA7F-4239-A6E1-3E5378C6D813}.Release|Any CPU.Build.0 = Release|Any CPU
	EndGlobalSection
	GlobalSection(SolutionProperties) = preSolution
		HideSolutionNode = FALSE
	EndGlobalSection
	GlobalSection(ExtensibilityGlobals) = postSolution
		SolutionGuid = {29225FA6-F726-4046-85FA-53B85F25B461}
	EndGlobalSection
EndGlobal
